
Microsoft Visual Studio Solution File, Format Version 12.00
# Visual Studio Version 17
VisualStudioVersion = 17.14.36221.1 d17.14
MinimumVisualStudioVersion = 10.0.40219.1
Project("{FAE04EC0-301F-11D3-BF4B-00C04F79EFBC}") = "trabalho", "trabalho\trabalho.csproj", "{646F870E-CC20-4FB3-B18F-3E2F61D8627A}"
EndProject
Global
	GlobalSection(SolutionConfigurationPlatforms) = preSolution
		Debug|Any CPU = Debug|Any CPU
		Release|Any CPU = Release|Any CPU
	EndGlobalSection
	GlobalSection(ProjectConfigurationPlatforms) = postSolution
		{646F870E-CC20-4FB3-B18F-3E2F61D8627A}.Debug|Any CPU.ActiveCfg = Debug|Any CPU
		{646F870E-CC20-4FB3-B18F-3E2F61D8627A}.Debug|Any CPU.Build.0 = Debug|Any CPU
		{646F870E-CC20-4FB3-B18F-3E2F61D8627A}.Release|Any CPU.ActiveCfg = Release|Any CPU
		{646F870E-CC20-4FB3-B18F-3E2F61D8627A}.Release|Any CPU.Build.0 = Release|Any CPU
	EndGlobalSection
	GlobalSection(SolutionProperties) = preSolution
		HideSolutionNode = FALSE
	EndGlobalSection
	GlobalSection(ExtensibilityGlobals) = postSolution
		SolutionGuid = {C1D05062-9B49-4C10-8B06-14E2E6A0865D}
	EndGlobalSection
EndGlobal
